// !$*UTF8*$!
{
	archiveVersion = 1;
	classes = {
	};
	objectVersion = 77;
	objects = {

/* Begin PBXBuildFile section */
		BF00000000000000000001 /* DesignSystem in Frameworks */ = {isa = PBXBuildFile; productRef = PD00000000000000000001 /* DesignSystem */; };
		BF00000000000000000002 /* Engine in Frameworks */ = {isa = PBXBuildFile; productRef = PD00000000000000000002 /* Engine */; };
		BF00000000000000000003 /* Mixing in Frameworks */ = {isa = PBXBuildFile; productRef = PD00000000000000000003 /* Mixing */; };
		BF00000000000000000004 /* Recipes in Frameworks */ = {isa = PBXBuildFile; productRef = PD00000000000000000004 /* Recipes */; };
		BF00000000000000000005 /* ShareCard in Frameworks */ = {isa = PBXBuildFile; productRef = PD00000000000000000005 /* ShareCard */; };
		BF00000000000000000006 /* DeepLink in Frameworks */ = {isa = PBXBuildFile; productRef = PD00000000000000000006 /* DeepLink */; };
		BF00000000000000000007 /* Health in Frameworks */ = {isa = PBXBuildFile; productRef = PD00000000000000000007 /* Health */; };
		BF00000000000000000008 /* Cellar in Frameworks */ = {isa = PBXBuildFile; productRef = PD00000000000000000008 /* Cellar */; };
		BF00000000000000000009 /* Authenticity in Frameworks */ = {isa = PBXBuildFile; productRef = PD00000000000000000009 /* Authenticity */; };
		BF00000000000000000010 /* AICompanion in Frameworks */ = {isa = PBXBuildFile; productRef = PD00000000000000000010 /* AICompanion */; };
/* End PBXBuildFile section */

/* Begin PBXFileReference section */
		FR00000000000000000001 /* YunApp.app */ = {isa = PBXFileReference; explicitFileType = wrapper.application; includeInIndex = 0; path = YunApp.app; sourceTree = BUILT_PRODUCTS_DIR; };
/* End PBXFileReference section */

/* Begin PBXFileSystemSynchronizedBuildFileExceptionSet section */
		EX00000000000000000001 /* Exceptions for "YunApp" folder in "YunApp" target */ = {
			isa = PBXFileSystemSynchronizedBuildFileExceptionSet;
			membershipExceptions = (
				Resources/Info.plist,
				Resources/YunApp.entitlements,
			);
			target = NT00000000000000000001 /* YunApp */;
		};
/* End PBXFileSystemSynchronizedBuildFileExceptionSet section */

/* Begin PBXFileSystemSynchronizedRootGroup section */
		SG00000000000000000001 /* YunApp */ = {isa = PBXFileSystemSynchronizedRootGroup; exceptions = (EX00000000000000000001 /* Exceptions for "YunApp" folder in "YunApp" target */, ); path = YunApp; sourceTree = "<group>"; };
/* End PBXFileSystemSynchronizedRootGroup section */

/* Begin PBXFrameworksBuildPhase section */
		FW00000000000000000001 /* Frameworks */ = {
			isa = PBXFrameworksBuildPhase;
			buildActionMask = 2147483647;
			files = (
				BF00000000000000000001 /* DesignSystem in Frameworks */,
				BF00000000000000000002 /* Engine in Frameworks */,
				BF00000000000000000003 /* Mixing in Frameworks */,
				BF00000000000000000004 /* Recipes in Frameworks */,
				BF00000000000000000005 /* ShareCard in Frameworks */,
				BF00000000000000000006 /* DeepLink in Frameworks */,
				BF00000000000000000007 /* Health in Frameworks */,
				BF00000000000000000008 /* Cellar in Frameworks */,
				BF00000000000000000009 /* Authenticity in Frameworks */,
				BF00000000000000000010 /* AICompanion in Frameworks */,
			);
			runOnlyForDeploymentPostprocessing = 0;
		};
/* End PBXFrameworksBuildPhase section */

/* Begin PBXGroup section */
		GR00000000000000000000 = {
			isa = PBXGroup;
			children = (
				SG00000000000000000001 /* YunApp */,
				GR00000000000000000002 /* Products */,
			);
			sourceTree = "<group>";
		};
		GR00000000000000000002 /* Products */ = {
			isa = PBXGroup;
			children = (
				FR00000000000000000001 /* YunApp.app */,
			);
			name = Products;
			sourceTree = "<group>";
		};
/* End PBXGroup section */

/* Begin PBXNativeTarget section */
		NT00000000000000000001 /* YunApp */ = {
			isa = PBXNativeTarget;
			buildConfigurationList = CL00000000000000000002 /* Build configuration list for PBXNativeTarget "YunApp" */;
			buildPhases = (
				SO00000000000000000001 /* Sources */,
				FW00000000000000000001 /* Frameworks */,
				RS00000000000000000001 /* Resources */,
			);
			buildRules = (
			);
			dependencies = (
			);
			fileSystemSynchronizedGroups = (
				SG00000000000000000001 /* YunApp */,
			);
			name = YunApp;
			packageProductDependencies = (
				PD00000000000000000001 /* DesignSystem */,
				PD00000000000000000002 /* Engine */,
				PD00000000000000000003 /* Mixing */,
				PD00000000000000000004 /* Recipes */,
				PD00000000000000000005 /* ShareCard */,
				PD00000000000000000006 /* DeepLink */,
				PD00000000000000000007 /* Health */,
				PD00000000000000000008 /* Cellar */,
				PD00000000000000000009 /* Authenticity */,
				PD00000000000000000010 /* AICompanion */,
			);
			productName = YunApp;
			productReference = FR00000000000000000001 /* YunApp.app */;
			productType = "com.apple.product-type.application";
		};
/* End PBXNativeTarget section */

/* Begin PBXProject section */
		PR00000000000000000001 /* Project object */ = {
			isa = PBXProject;
			attributes = {
				BuildIndependentTargetsInParallel = 1;
				LastSwiftUpdateCheck = 1600;
				LastUpgradeCheck = 1600;
				TargetAttributes = {
					NT00000000000000000001 = {
						CreatedOnToolsVersion = 16.0;
					};
				};
			};
			buildConfigurationList = CL00000000000000000001 /* Build configuration list for PBXProject "YunApp" */;
			compatibilityVersion = "Xcode 16.0";
			developmentRegion = en;
			hasScannedForEncodings = 0;
			knownRegions = (
				en,
				Base,
				"zh-Hans",
			);
			mainGroup = GR00000000000000000000;
			minimizedProjectReferenceProxies = 1;
			packageReferences = (
				LP00000000000000000001 /* XCLocalSwiftPackageReference "../Packages/DesignSystem" */,
				LP00000000000000000002 /* XCLocalSwiftPackageReference "../Packages/Engine" */,
				LP00000000000000000003 /* XCLocalSwiftPackageReference "../Packages/Mixing" */,
				LP00000000000000000004 /* XCLocalSwiftPackageReference "../Packages/Recipes" */,
				LP00000000000000000005 /* XCLocalSwiftPackageReference "../Packages/ShareCard" */,
				LP00000000000000000006 /* XCLocalSwiftPackageReference "../Packages/DeepLink" */,
				LP00000000000000000007 /* XCLocalSwiftPackageReference "../Packages/Health" */,
				LP00000000000000000008 /* XCLocalSwiftPackageReference "../Packages/Cellar" */,
				LP00000000000000000009 /* XCLocalSwiftPackageReference "../Packages/Authenticity" */,
				LP00000000000000000010 /* XCLocalSwiftPackageReference "../Packages/AICompanion" */,
			);
			productRefGroup = GR00000000000000000002 /* Products */;
			projectDirPath = "";
			projectRoot = "";
			targets = (
				NT00000000000000000001 /* YunApp */,
			);
		};
/* End PBXProject section */

/* Begin PBXResourcesBuildPhase section */
		RS00000000000000000001 /* Resources */ = {
			isa = PBXResourcesBuildPhase;
			buildActionMask = 2147483647;
			files = (
			);
			runOnlyForDeploymentPostprocessing = 0;
		};
/* End PBXResourcesBuildPhase section */

/* Begin PBXSourcesBuildPhase section */
		SO00000000000000000001 /* Sources */ = {
			isa = PBXSourcesBuildPhase;
			buildActionMask = 2147483647;
			files = (
			);
			runOnlyForDeploymentPostprocessing = 0;
		};
/* End PBXSourcesBuildPhase section */

/* Begin XCBuildConfiguration section */
		BC00000000000000000001 /* Debug */ = {
			isa = XCBuildConfiguration;
			buildSettings = {
				ALWAYS_SEARCH_USER_PATHS = NO;
				ASSETCATALOG_COMPILER_GENERATE_SWIFT_ASSET_SYMBOL_EXTENSIONS = YES;
				CLANG_ANALYZER_NONNULL = YES;
				CLANG_ENABLE_MODULES = YES;
				CLANG_ENABLE_OBJC_ARC = YES;
				COPY_PHASE_STRIP = NO;
				DEBUG_INFORMATION_FORMAT = dwarf;
				ENABLE_STRICT_OBJC_MSGSEND = YES;
				ENABLE_TESTABILITY = YES;
				GCC_C_LANGUAGE_STANDARD = gnu17;
				GCC_DYNAMIC_NO_PIC = NO;
				GCC_NO_COMMON_BLOCKS = YES;
				GCC_OPTIMIZATION_LEVEL = 0;
				GCC_PREPROCESSOR_DEFINITIONS = (
					"DEBUG=1",
					"$(inherited)",
				);
				IPHONEOS_DEPLOYMENT_TARGET = 17.0;
				MTL_ENABLE_DEBUG_INFO = INCLUDE_SOURCE;
				MTL_FAST_MATH = YES;
				ONLY_ACTIVE_ARCH = YES;
				SDKROOT = iphoneos;
				SWIFT_ACTIVE_COMPILATION_CONDITIONS = "DEBUG $(inherited)";
				SWIFT_OPTIMIZATION_LEVEL = "-Onone";
			};
			name = Debug;
		};
		BC00000000000000000002 /* Release */ = {
			isa = XCBuildConfiguration;
			buildSettings = {
				ALWAYS_SEARCH_USER_PATHS = NO;
				ASSETCATALOG_COMPILER_GENERATE_SWIFT_ASSET_SYMBOL_EXTENSIONS = YES;
				CLANG_ANALYZER_NONNULL = YES;
				CLANG_ENABLE_MODULES = YES;
				CLANG_ENABLE_OBJC_ARC = YES;
				COPY_PHASE_STRIP = NO;
				DEBUG_INFORMATION_FORMAT = "dwarf-with-dsym";
				ENABLE_NS_ASSERTIONS = NO;
				ENABLE_STRICT_OBJC_MSGSEND = YES;
				GCC_C_LANGUAGE_STANDARD = gnu17;
				GCC_NO_COMMON_BLOCKS = YES;
				IPHONEOS_DEPLOYMENT_TARGET = 17.0;
				MTL_ENABLE_DEBUG_INFO = NO;
				MTL_FAST_MATH = YES;
				SDKROOT = iphoneos;
				SWIFT_COMPILATION_MODE = wholemodule;
				VALIDATE_PRODUCT = YES;
			};
			name = Release;
		};
		BC00000000000000000003 /* Debug */ = {
			isa = XCBuildConfiguration;
			buildSettings = {
				ASSETCATALOG_COMPILER_APPICON_NAME = AppIcon;
				ASSETCATALOG_COMPILER_GLOBAL_ACCENT_COLOR_NAME = AccentColor;
				CODE_SIGN_ENTITLEMENTS = "YunApp/Resources/YunApp.entitlements";
				CODE_SIGN_STYLE = Automatic;
				CURRENT_PROJECT_VERSION = 1;
				DEVELOPMENT_TEAM = "";
				ENABLE_PREVIEWS = YES;
				GENERATE_INFOPLIST_FILE = NO;
				INFOPLIST_FILE = "YunApp/Resources/Info.plist";
				LD_RUNPATH_SEARCH_PATHS = (
					"$(inherited)",
					"@executable_path/Frameworks",
				);
				MARKETING_VERSION = 1.0.0;
				PRODUCT_BUNDLE_IDENTIFIER = com.yun53.weixundu;
				PRODUCT_NAME = "$(TARGET_NAME)";
				SWIFT_EMIT_LOC_STRINGS = YES;
				SWIFT_VERSION = 5.0;
				TARGETED_DEVICE_FAMILY = "1,2";
			};
			name = Debug;
		};
		BC00000000000000000004 /* Release */ = {
			isa = XCBuildConfiguration;
			buildSettings = {
				ASSETCATALOG_COMPILER_APPICON_NAME = AppIcon;
				ASSETCATALOG_COMPILER_GLOBAL_ACCENT_COLOR_NAME = AccentColor;
				CODE_SIGN_ENTITLEMENTS = "YunApp/Resources/YunApp.entitlements";
				CODE_SIGN_STYLE = Automatic;
				CURRENT_PROJECT_VERSION = 1;
				DEVELOPMENT_TEAM = "";
				ENABLE_PREVIEWS = YES;
				GENERATE_INFOPLIST_FILE = NO;
				INFOPLIST_FILE = "YunApp/Resources/Info.plist";
				LD_RUNPATH_SEARCH_PATHS = (
					"$(inherited)",
					"@executable_path/Frameworks",
				);
				MARKETING_VERSION = 1.0.0;
				PRODUCT_BUNDLE_IDENTIFIER = com.yun53.weixundu;
				PRODUCT_NAME = "$(TARGET_NAME)";
				SWIFT_EMIT_LOC_STRINGS = YES;
				SWIFT_VERSION = 5.0;
				TARGETED_DEVICE_FAMILY = "1,2";
			};
			name = Release;
		};
/* End XCBuildConfiguration section */

/* Begin XCConfigurationList section */
		CL00000000000000000001 /* Build configuration list for PBXProject "YunApp" */ = {
			isa = XCConfigurationList;
			buildConfigurations = (
				BC00000000000000000001 /* Debug */,
				BC00000000000000000002 /* Release */,
			);
			defaultConfigurationIsVisible = 0;
			defaultConfigurationName = Release;
		};
		CL00000000000000000002 /* Build configuration list for PBXNativeTarget "YunApp" */ = {
			isa = XCConfigurationList;
			buildConfigurations = (
				BC00000000000000000003 /* Debug */,
				BC00000000000000000004 /* Release */,
			);
			defaultConfigurationIsVisible = 0;
			defaultConfigurationName = Release;
		};
/* End XCConfigurationList section */

/* Begin XCLocalSwiftPackageReference section */
		LP00000000000000000001 /* XCLocalSwiftPackageReference "../Packages/DesignSystem" */ = {
			isa = XCLocalSwiftPackageReference;
			relativePath = "../Packages/DesignSystem";
		};
		LP00000000000000000002 /* XCLocalSwiftPackageReference "../Packages/Engine" */ = {
			isa = XCLocalSwiftPackageReference;
			relativePath = "../Packages/Engine";
		};
		LP00000000000000000003 /* XCLocalSwiftPackageReference "../Packages/Mixing" */ = {
			isa = XCLocalSwiftPackageReference;
			relativePath = "../Packages/Mixing";
		};
		LP00000000000000000004 /* XCLocalSwiftPackageReference "../Packages/Recipes" */ = {
			isa = XCLocalSwiftPackageReference;
			relativePath = "../Packages/Recipes";
		};
		LP00000000000000000005 /* XCLocalSwiftPackageReference "../Packages/ShareCard" */ = {
			isa = XCLocalSwiftPackageReference;
			relativePath = "../Packages/ShareCard";
		};
		LP00000000000000000006 /* XCLocalSwiftPackageReference "../Packages/DeepLink" */ = {
			isa = XCLocalSwiftPackageReference;
			relativePath = "../Packages/DeepLink";
		};
		LP00000000000000000007 /* XCLocalSwiftPackageReference "../Packages/Health" */ = {
			isa = XCLocalSwiftPackageReference;
			relativePath = "../Packages/Health";
		};
		LP00000000000000000008 /* XCLocalSwiftPackageReference "../Packages/Cellar" */ = {
			isa = XCLocalSwiftPackageReference;
			relativePath = "../Packages/Cellar";
		};
		LP00000000000000000009 /* XCLocalSwiftPackageReference "../Packages/Authenticity" */ = {
			isa = XCLocalSwiftPackageReference;
			relativePath = "../Packages/Authenticity";
		};
		LP00000000000000000010 /* XCLocalSwiftPackageReference "../Packages/AICompanion" */ = {
			isa = XCLocalSwiftPackageReference;
			relativePath = "../Packages/AICompanion";
		};
/* End XCLocalSwiftPackageReference section */

/* Begin XCSwiftPackageProductDependency section */
		PD00000000000000000001 /* DesignSystem */ = {
			isa = XCSwiftPackageProductDependency;
			productName = DesignSystem;
		};
		PD00000000000000000002 /* Engine */ = {
			isa = XCSwiftPackageProductDependency;
			productName = Engine;
		};
		PD00000000000000000003 /* Mixing */ = {
			isa = XCSwiftPackageProductDependency;
			productName = Mixing;
		};
		PD00000000000000000004 /* Recipes */ = {
			isa = XCSwiftPackageProductDependency;
			productName = Recipes;
		};
		PD00000000000000000005 /* ShareCard */ = {
			isa = XCSwiftPackageProductDependency;
			productName = ShareCard;
		};
		PD00000000000000000006 /* DeepLink */ = {
			isa = XCSwiftPackageProductDependency;
			productName = DeepLink;
		};
		PD00000000000000000007 /* Health */ = {
			isa = XCSwiftPackageProductDependency;
			productName = Health;
		};
		PD00000000000000000008 /* Cellar */ = {
			isa = XCSwiftPackageProductDependency;
			productName = Cellar;
		};
		PD00000000000000000009 /* Authenticity */ = {
			isa = XCSwiftPackageProductDependency;
			productName = Authenticity;
		};
		PD00000000000000000010 /* AICompanion */ = {
			isa = XCSwiftPackageProductDependency;
			productName = AICompanion;
		};
/* End XCSwiftPackageProductDependency section */
	};
	rootObject = PR00000000000000000001 /* Project object */;
}
